// !$*UTF8*$!
{
	archiveVersion = 1;
	classes = {
	};
	objectVersion = 77;
	objects = {

/* Begin PBXBuildFile section */
		4D40727EC96058E813D9DA87 /* URLSchemeHandler.swift in Sources */ = {isa = PBXBuildFile; fileRef = 51D4E13EBAAD8AAED60F7295 /* URLSchemeHandler.swift */; };
		51EF6F87B9B63990CDAACFC5 /* ContentView.swift in Sources */ = {isa = PBXBuildFile; fileRef = 1DF6A8A03A5E3FEAC359FEE5 /* ContentView.swift */; };
		77479D2DB2A16896379A10F9 /* TaskModel.swift in Sources */ = {isa = PBXBuildFile; fileRef = E353B710D1EC5EBA8E4DFA56 /* TaskModel.swift */; };
		92144826310B3B8F816AA266 /* Assets.xcassets in Resources */ = {isa = PBXBuildFile; fileRef = 472E47581302F9978C55CF0D /* Assets.xcassets */; };
		9F76949999D8CF588C35C3C9 /* URLSchemeHandlerTests.swift in Sources */ = {isa = PBXBuildFile; fileRef = 4D95074959EE88B81A401AD1 /* URLSchemeHandlerTests.swift */; };
		B68792319436A99D82EFFDF8 /* ActivityKit.framework in Embed Frameworks */ = {isa = PBXBuildFile; fileRef = CAC49163CFBB28DCBFF23F95 /* ActivityKit.framework */; settings = {ATTRIBUTES = (CodeSignOnCopy, RemoveHeadersOnCopy, ); }; };
		B961385E5195B4F786B41934 /* ActivityKit.framework in Frameworks */ = {isa = PBXBuildFile; fileRef = CAC49163CFBB28DCBFF23F95 /* ActivityKit.framework */; };
		D1B6C8E716E396848E2CF050 /* SwiftUI.framework in Embed Frameworks */ = {isa = PBXBuildFile; fileRef = 6129AD9E57E484B18337C8E0 /* SwiftUI.framework */; settings = {ATTRIBUTES = (CodeSignOnCopy, RemoveHeadersOnCopy, ); }; };
		D88A425DF04C44332FDB0D2A /* TaskActivityAttributes.swift in Sources */ = {isa = PBXBuildFile; fileRef = D8F9FFB9AED7641BCD477DAF /* TaskActivityAttributes.swift */; };
		E9249DC91D4F2812202DD801 /* SwiftUI.framework in Frameworks */ = {isa = PBXBuildFile; fileRef = 6129AD9E57E484B18337C8E0 /* SwiftUI.framework */; };
		EEA83B967A5D955C69C2090B /* ActivityService.swift in Sources */ = {isa = PBXBuildFile; fileRef = 52E3BC1680DB29F8032A3237 /* ActivityService.swift */; };
		EF43F46E26D0E8A981E06F5A /* ExocortexTaskTrackerApp.swift in Sources */ = {isa = PBXBuildFile; fileRef = 3CE392F558EFE99568B9564A /* ExocortexTaskTrackerApp.swift */; };
/* End PBXBuildFile section */

/* Begin PBXContainerItemProxy section */
		BADAFC6B13BD159D5A2F6B2D /* PBXContainerItemProxy */ = {
			isa = PBXContainerItemProxy;
			containerPortal = 36CF76BD3737D7DDD4323206 /* Project object */;
			proxyType = 1;
			remoteGlobalIDString = 18C60A393F17D9A1133B97FD;
			remoteInfo = ExocortexTaskTracker;
		};
/* End PBXContainerItemProxy section */

/* Begin PBXCopyFilesBuildPhase section */
		C434FC773464F2C73303D69E /* Embed Frameworks */ = {
			isa = PBXCopyFilesBuildPhase;
			buildActionMask = 2147483647;
			dstPath = "";
			dstSubfolderSpec = 10;
			files = (
				D1B6C8E716E396848E2CF050 /* SwiftUI.framework in Embed Frameworks */,
				B68792319436A99D82EFFDF8 /* ActivityKit.framework in Embed Frameworks */,
			);
			name = "Embed Frameworks";
			runOnlyForDeploymentPostprocessing = 0;
		};
/* End PBXCopyFilesBuildPhase section */

/* Begin PBXFileReference section */
		1DF6A8A03A5E3FEAC359FEE5 /* ContentView.swift */ = {isa = PBXFileReference; lastKnownFileType = sourcecode.swift; path = ContentView.swift; sourceTree = "<group>"; };
		262033167118AC2C4819E4BD /* ExocortexTaskTrackerTests.xctest */ = {isa = PBXFileReference; includeInIndex = 0; lastKnownFileType = wrapper.cfbundle; path = ExocortexTaskTrackerTests.xctest; sourceTree = BUILT_PRODUCTS_DIR; };
		3CE392F558EFE99568B9564A /* ExocortexTaskTrackerApp.swift */ = {isa = PBXFileReference; lastKnownFileType = sourcecode.swift; path = ExocortexTaskTrackerApp.swift; sourceTree = "<group>"; };
		472E47581302F9978C55CF0D /* Assets.xcassets */ = {isa = PBXFileReference; lastKnownFileType = folder.assetcatalog; path = Assets.xcassets; sourceTree = "<group>"; };
		4D95074959EE88B81A401AD1 /* URLSchemeHandlerTests.swift */ = {isa = PBXFileReference; lastKnownFileType = sourcecode.swift; path = URLSchemeHandlerTests.swift; sourceTree = "<group>"; };
		51D4E13EBAAD8AAED60F7295 /* URLSchemeHandler.swift */ = {isa = PBXFileReference; lastKnownFileType = sourcecode.swift; path = URLSchemeHandler.swift; sourceTree = "<group>"; };
		52E3BC1680DB29F8032A3237 /* ActivityService.swift */ = {isa = PBXFileReference; lastKnownFileType = sourcecode.swift; path = ActivityService.swift; sourceTree = "<group>"; };
		6129AD9E57E484B18337C8E0 /* SwiftUI.framework */ = {isa = PBXFileReference; lastKnownFileType = wrapper.framework; path = SwiftUI.framework; sourceTree = "<group>"; };
		C8A7A5DA20A6D9E3550995FA /* ExocortexTaskTracker.app */ = {isa = PBXFileReference; includeInIndex = 0; lastKnownFileType = wrapper.application; path = ExocortexTaskTracker.app; sourceTree = BUILT_PRODUCTS_DIR; };
		CAC49163CFBB28DCBFF23F95 /* ActivityKit.framework */ = {isa = PBXFileReference; lastKnownFileType = wrapper.framework; path = ActivityKit.framework; sourceTree = "<group>"; };
		D8F9FFB9AED7641BCD477DAF /* TaskActivityAttributes.swift */ = {isa = PBXFileReference; lastKnownFileType = sourcecode.swift; path = TaskActivityAttributes.swift; sourceTree = "<group>"; };
		E353B710D1EC5EBA8E4DFA56 /* TaskModel.swift */ = {isa = PBXFileReference; lastKnownFileType = sourcecode.swift; path = TaskModel.swift; sourceTree = "<group>"; };
		FAF4E22927975D01F7D3697F /* Info.plist */ = {isa = PBXFileReference; lastKnownFileType = text.plist; path = Info.plist; sourceTree = "<group>"; };
/* End PBXFileReference section */

/* Begin PBXFrameworksBuildPhase section */
		08B3BB2F78C1BF97DEFDE25B /* Frameworks */ = {
			isa = PBXFrameworksBuildPhase;
			buildActionMask = 2147483647;
			files = (
				E9249DC91D4F2812202DD801 /* SwiftUI.framework in Frameworks */,
				B961385E5195B4F786B41934 /* ActivityKit.framework in Frameworks */,
			);
			runOnlyForDeploymentPostprocessing = 0;
		};
/* End PBXFrameworksBuildPhase section */

/* Begin PBXGroup section */
		25223F8F1668B0BA1681A87B /* Resources */ = {
			isa = PBXGroup;
			children = (
				472E47581302F9978C55CF0D /* Assets.xcassets */,
			);
			path = Resources;
			sourceTree = "<group>";
		};
		2BEFD5D12AB042BB96347A84 /* Models */ = {
			isa = PBXGroup;
			children = (
				D8F9FFB9AED7641BCD477DAF /* TaskActivityAttributes.swift */,
				E353B710D1EC5EBA8E4DFA56 /* TaskModel.swift */,
			);
			path = Models;
			sourceTree = "<group>";
		};
		3CF88EF6DA5BB591C005F94B /* ExocortexTaskTrackerTests */ = {
			isa = PBXGroup;
			children = (
				4D95074959EE88B81A401AD1 /* URLSchemeHandlerTests.swift */,
			);
			path = ExocortexTaskTrackerTests;
			sourceTree = "<group>";
		};
		4C071E844D2E2C6C3ED86E83 /* Products */ = {
			isa = PBXGroup;
			children = (
				C8A7A5DA20A6D9E3550995FA /* ExocortexTaskTracker.app */,
				262033167118AC2C4819E4BD /* ExocortexTaskTrackerTests.xctest */,
			);
			name = Products;
			sourceTree = "<group>";
		};
		5A43FE52A5CA119F8DBAEE86 = {
			isa = PBXGroup;
			children = (
				9DC5FD2AAFE26A496D6828C8 /* ExocortexTaskTracker */,
				3CF88EF6DA5BB591C005F94B /* ExocortexTaskTrackerTests */,
				94CFB8CC03FF0F69D6C721F7 /* Frameworks */,
				4C071E844D2E2C6C3ED86E83 /* Products */,
			);
			sourceTree = "<group>";
		};
		62841985D02BE27539CB0976 /* Services */ = {
			isa = PBXGroup;
			children = (
				52E3BC1680DB29F8032A3237 /* ActivityService.swift */,
			);
			path = Services;
			sourceTree = "<group>";
		};
		7D37E33A2ABC48FA925021FB /* TaskTracking */ = {
			isa = PBXGroup;
			children = (
				2BEFD5D12AB042BB96347A84 /* Models */,
			);
			path = TaskTracking;
			sourceTree = "<group>";
		};
		94CFB8CC03FF0F69D6C721F7 /* Frameworks */ = {
			isa = PBXGroup;
			children = (
				CAC49163CFBB28DCBFF23F95 /* ActivityKit.framework */,
				6129AD9E57E484B18337C8E0 /* SwiftUI.framework */,
			);
			name = Frameworks;
			sourceTree = "<group>";
		};
		9DC5FD2AAFE26A496D6828C8 /* ExocortexTaskTracker */ = {
			isa = PBXGroup;
			children = (
				CB314E13DC72B2AB98462132 /* App */,
				AE36CF3228B0436137B48032 /* Features */,
				25223F8F1668B0BA1681A87B /* Resources */,
				62841985D02BE27539CB0976 /* Services */,
			);
			path = ExocortexTaskTracker;
			sourceTree = "<group>";
		};
		AE36CF3228B0436137B48032 /* Features */ = {
			isa = PBXGroup;
			children = (
				7D37E33A2ABC48FA925021FB /* TaskTracking */,
				BDAD8AE9EBCCDF1F584208CA /* URLHandling */,
			);
			path = Features;
			sourceTree = "<group>";
		};
		BDAD8AE9EBCCDF1F584208CA /* URLHandling */ = {
			isa = PBXGroup;
			children = (
				51D4E13EBAAD8AAED60F7295 /* URLSchemeHandler.swift */,
			);
			path = URLHandling;
			sourceTree = "<group>";
		};
		CB314E13DC72B2AB98462132 /* App */ = {
			isa = PBXGroup;
			children = (
				1DF6A8A03A5E3FEAC359FEE5 /* ContentView.swift */,
				3CE392F558EFE99568B9564A /* ExocortexTaskTrackerApp.swift */,
				FAF4E22927975D01F7D3697F /* Info.plist */,
			);
			path = App;
			sourceTree = "<group>";
		};
/* End PBXGroup section */

/* Begin PBXNativeTarget section */
		18C60A393F17D9A1133B97FD /* ExocortexTaskTracker */ = {
			isa = PBXNativeTarget;
			buildConfigurationList = C497282ACB5F215A6F27D641 /* Build configuration list for PBXNativeTarget "ExocortexTaskTracker" */;
			buildPhases = (
				D63F0F13F5D5D245EC10B818 /* Sources */,
				F75F8B01FFF130CA92D3D64F /* Resources */,
				08B3BB2F78C1BF97DEFDE25B /* Frameworks */,
				C434FC773464F2C73303D69E /* Embed Frameworks */,
			);
			buildRules = (
			);
			dependencies = (
			);
			name = ExocortexTaskTracker;
			packageProductDependencies = (
			);
			productName = ExocortexTaskTracker;
			productReference = C8A7A5DA20A6D9E3550995FA /* ExocortexTaskTracker.app */;
			productType = "com.apple.product-type.application";
		};
		302933F28477E2135AE6B7B3 /* ExocortexTaskTrackerTests */ = {
			isa = PBXNativeTarget;
			buildConfigurationList = A9B8CE09FD59D0A4E6C00CA8 /* Build configuration list for PBXNativeTarget "ExocortexTaskTrackerTests" */;
			buildPhases = (
				6F7BD11B7A418668559AA922 /* Sources */,
			);
			buildRules = (
			);
			dependencies = (
				DEF19B2DC2BB20C725F9B631 /* PBXTargetDependency */,
			);
			name = ExocortexTaskTrackerTests;
			packageProductDependencies = (
			);
			productName = ExocortexTaskTrackerTests;
			productReference = 262033167118AC2C4819E4BD /* ExocortexTaskTrackerTests.xctest */;
			productType = "com.apple.product-type.bundle.unit-test";
		};
/* End PBXNativeTarget section */

/* Begin PBXProject section */
		36CF76BD3737D7DDD4323206 /* Project object */ = {
			isa = PBXProject;
			attributes = {
				BuildIndependentTargetsInParallel = YES;
				LastUpgradeCheck = 1500;
				TargetAttributes = {
					18C60A393F17D9A1133B97FD = {
						DevelopmentTeam = "";
						ProvisioningStyle = Automatic;
					};
					302933F28477E2135AE6B7B3 = {
						ProvisioningStyle = Automatic;
					};
				};
			};
			buildConfigurationList = 78A21A3533EB45CC53D26F12 /* Build configuration list for PBXProject "ExocortexTaskTracker" */;
			compatibilityVersion = "Xcode 14.0";
			developmentRegion = en;
			hasScannedForEncodings = 0;
			knownRegions = (
				Base,
				en,
			);
			mainGroup = 5A43FE52A5CA119F8DBAEE86;
			minimizedProjectReferenceProxies = 1;
			preferredProjectObjectVersion = 77;
			projectDirPath = "";
			projectRoot = "";
			targets = (
				18C60A393F17D9A1133B97FD /* ExocortexTaskTracker */,
				302933F28477E2135AE6B7B3 /* ExocortexTaskTrackerTests */,
			);
		};
/* End PBXProject section */

/* Begin PBXResourcesBuildPhase section */
		F75F8B01FFF130CA92D3D64F /* Resources */ = {
			isa = PBXResourcesBuildPhase;
			buildActionMask = 2147483647;
			files = (
				92144826310B3B8F816AA266 /* Assets.xcassets in Resources */,
			);
			runOnlyForDeploymentPostprocessing = 0;
		};
/* End PBXResourcesBuildPhase section */

/* Begin PBXSourcesBuildPhase section */
		6F7BD11B7A418668559AA922 /* Sources */ = {
			isa = PBXSourcesBuildPhase;
			buildActionMask = 2147483647;
			files = (
				9F76949999D8CF588C35C3C9 /* URLSchemeHandlerTests.swift in Sources */,
			);
			runOnlyForDeploymentPostprocessing = 0;
		};
		D63F0F13F5D5D245EC10B818 /* Sources */ = {
			isa = PBXSourcesBuildPhase;
			buildActionMask = 2147483647;
			files = (
				EEA83B967A5D955C69C2090B /* ActivityService.swift in Sources */,
				51EF6F87B9B63990CDAACFC5 /* ContentView.swift in Sources */,
				EF43F46E26D0E8A981E06F5A /* ExocortexTaskTrackerApp.swift in Sources */,
				D88A425DF04C44332FDB0D2A /* TaskActivityAttributes.swift in Sources */,
				77479D2DB2A16896379A10F9 /* TaskModel.swift in Sources */,
				4D40727EC96058E813D9DA87 /* URLSchemeHandler.swift in Sources */,
			);
			runOnlyForDeploymentPostprocessing = 0;
		};
/* End PBXSourcesBuildPhase section */

/* Begin PBXTargetDependency section */
		DEF19B2DC2BB20C725F9B631 /* PBXTargetDependency */ = {
			isa = PBXTargetDependency;
			target = 18C60A393F17D9A1133B97FD /* ExocortexTaskTracker */;
			targetProxy = BADAFC6B13BD159D5A2F6B2D /* PBXContainerItemProxy */;
		};
/* End PBXTargetDependency section */

/* Begin XCBuildConfiguration section */
		19EFD43C47DFDCA7ADDAB586 /* Debug */ = {
			isa = XCBuildConfiguration;
			buildSettings = {
				BUNDLE_LOADER = "$(TEST_HOST)";
				CODE_SIGN_STYLE = Automatic;
				LD_RUNPATH_SEARCH_PATHS = (
					"$(inherited)",
					"@executable_path/Frameworks",
					"@loader_path/Frameworks",
				);
				PRODUCT_BUNDLE_IDENTIFIER = com.exocortex.ExocortexTaskTrackerTests;
				SDKROOT = iphoneos;
				TARGETED_DEVICE_FAMILY = "1,2";
				TEST_HOST = "$(BUILT_PRODUCTS_DIR)/ExocortexTaskTracker.app/$(BUNDLE_EXECUTABLE_FOLDER_PATH)/ExocortexTaskTracker";
			};
			name = Debug;
		};
		2440595BA73AA1BE40A65230 /* Release */ = {
			isa = XCBuildConfiguration;
			buildSettings = {
				ALWAYS_SEARCH_USER_PATHS = NO;
				CLANG_ANALYZER_NONNULL = YES;
				CLANG_ANALYZER_NUMBER_OBJECT_CONVERSION = YES_AGGRESSIVE;
				CLANG_CXX_LANGUAGE_STANDARD = "gnu++14";
				CLANG_CXX_LIBRARY = "libc++";
				CLANG_ENABLE_MODULES = YES;
				CLANG_ENABLE_OBJC_ARC = YES;
				CLANG_ENABLE_OBJC_WEAK = YES;
				CLANG_WARN_BLOCK_CAPTURE_AUTORELEASING = YES;
				CLANG_WARN_BOOL_CONVERSION = YES;
				CLANG_WARN_COMMA = YES;
				CLANG_WARN_CONSTANT_CONVERSION = YES;
				CLANG_WARN_DEPRECATED_OBJC_IMPLEMENTATIONS = YES;
				CLANG_WARN_DIRECT_OBJC_ISA_USAGE = YES_ERROR;
				CLANG_WARN_DOCUMENTATION_COMMENTS = YES;
				CLANG_WARN_EMPTY_BODY = YES;
				CLANG_WARN_ENUM_CONVERSION = YES;
				CLANG_WARN_INFINITE_RECURSION = YES;
				CLANG_WARN_INT_CONVERSION = YES;
				CLANG_WARN_NON_LITERAL_NULL_CONVERSION = YES;
				CLANG_WARN_OBJC_IMPLICIT_RETAIN_SELF = YES;
				CLANG_WARN_OBJC_LITERAL_CONVERSION = YES;
				CLANG_WARN_OBJC_ROOT_CLASS = YES_ERROR;
				CLANG_WARN_QUOTED_INCLUDE_IN_FRAMEWORK_HEADER = YES;
				CLANG_WARN_RANGE_LOOP_ANALYSIS = YES;
				CLANG_WARN_STRICT_PROTOTYPES = YES;
				CLANG_WARN_SUSPICIOUS_MOVE = YES;
				CLANG_WARN_UNGUARDED_AVAILABILITY = YES_AGGRESSIVE;
				CLANG_WARN_UNREACHABLE_CODE = YES;
				CLANG_WARN__DUPLICATE_METHOD_MATCH = YES;
				COPY_PHASE_STRIP = NO;
				CURRENT_PROJECT_VERSION = 1;
				DEBUG_INFORMATION_FORMAT = "dwarf-with-dsym";
				ENABLE_NS_ASSERTIONS = NO;
				ENABLE_STRICT_OBJC_MSGSEND = YES;
				GCC_C_LANGUAGE_STANDARD = gnu11;
				GCC_NO_COMMON_BLOCKS = YES;
				GCC_WARN_64_TO_32_BIT_CONVERSION = YES;
				GCC_WARN_ABOUT_RETURN_TYPE = YES_ERROR;
				GCC_WARN_UNDECLARED_SELECTOR = YES;
				GCC_WARN_UNINITIALIZED_AUTOS = YES_AGGRESSIVE;
				GCC_WARN_UNUSED_FUNCTION = YES;
				GCC_WARN_UNUSED_VARIABLE = YES;
				IPHONEOS_DEPLOYMENT_TARGET = 16.1;
				MARKETING_VERSION = 1.0.0;
				MTL_ENABLE_DEBUG_INFO = NO;
				MTL_FAST_MATH = YES;
				PRODUCT_NAME = "$(TARGET_NAME)";
				SDKROOT = iphoneos;
				SWIFT_COMPILATION_MODE = wholemodule;
				SWIFT_OPTIMIZATION_LEVEL = "-O";
				SWIFT_VERSION = 5.0;
			};
			name = Release;
		};
		7C5DC548D0A95319D7042DD7 /* Release */ = {
			isa = XCBuildConfiguration;
			buildSettings = {
				BUNDLE_LOADER = "$(TEST_HOST)";
				CODE_SIGN_STYLE = Automatic;
				LD_RUNPATH_SEARCH_PATHS = (
					"$(inherited)",
					"@executable_path/Frameworks",
					"@loader_path/Frameworks",
				);
				PRODUCT_BUNDLE_IDENTIFIER = com.exocortex.ExocortexTaskTrackerTests;
				SDKROOT = iphoneos;
				TARGETED_DEVICE_FAMILY = "1,2";
				TEST_HOST = "$(BUILT_PRODUCTS_DIR)/ExocortexTaskTracker.app/$(BUNDLE_EXECUTABLE_FOLDER_PATH)/ExocortexTaskTracker";
			};
			name = Release;
		};
		A02780568316F046FFC83457 /* Release */ = {
			isa = XCBuildConfiguration;
			buildSettings = {
				ASSETCATALOG_COMPILER_APPICON_NAME = AppIcon;
				CODE_SIGN_IDENTITY = "iPhone Developer";
				CODE_SIGN_STYLE = Automatic;
				DEVELOPMENT_TEAM = "";
				ENABLE_PREVIEWS = YES;
				FRAMEWORK_SEARCH_PATHS = (
					"$(inherited)",
					"\".\"",
				);
				INFOPLIST_FILE = ExocortexTaskTracker/App/Info.plist;
				LD_RUNPATH_SEARCH_PATHS = (
					"$(inherited)",
					"@executable_path/Frameworks",
				);
				PRODUCT_BUNDLE_IDENTIFIER = com.exocortex.tasktracker;
				SDKROOT = iphoneos;
				SUPPORTS_MACCATALYST = NO;
				TARGETED_DEVICE_FAMILY = "1,2";
			};
			name = Release;
		};
		B65C31B4AE55C95D7E84983C /* Debug */ = {
			isa = XCBuildConfiguration;
			buildSettings = {
				ALWAYS_SEARCH_USER_PATHS = NO;
				CLANG_ANALYZER_NONNULL = YES;
				CLANG_ANALYZER_NUMBER_OBJECT_CONVERSION = YES_AGGRESSIVE;
				CLANG_CXX_LANGUAGE_STANDARD = "gnu++14";
				CLANG_CXX_LIBRARY = "libc++";
				CLANG_ENABLE_MODULES = YES;
				CLANG_ENABLE_OBJC_ARC = YES;
				CLANG_ENABLE_OBJC_WEAK = YES;
				CLANG_WARN_BLOCK_CAPTURE_AUTORELEASING = YES;
				CLANG_WARN_BOOL_CONVERSION = YES;
				CLANG_WARN_COMMA = YES;
				CLANG_WARN_CONSTANT_CONVERSION = YES;
				CLANG_WARN_DEPRECATED_OBJC_IMPLEMENTATIONS = YES;
				CLANG_WARN_DIRECT_OBJC_ISA_USAGE = YES_ERROR;
				CLANG_WARN_DOCUMENTATION_COMMENTS = YES;
				CLANG_WARN_EMPTY_BODY = YES;
				CLANG_WARN_ENUM_CONVERSION = YES;
				CLANG_WARN_INFINITE_RECURSION = YES;
				CLANG_WARN_INT_CONVERSION = YES;
				CLANG_WARN_NON_LITERAL_NULL_CONVERSION = YES;
				CLANG_WARN_OBJC_IMPLICIT_RETAIN_SELF = YES;
				CLANG_WARN_OBJC_LITERAL_CONVERSION = YES;
				CLANG_WARN_OBJC_ROOT_CLASS = YES_ERROR;
				CLANG_WARN_QUOTED_INCLUDE_IN_FRAMEWORK_HEADER = YES;
				CLANG_WARN_RANGE_LOOP_ANALYSIS = YES;
				CLANG_WARN_STRICT_PROTOTYPES = YES;
				CLANG_WARN_SUSPICIOUS_MOVE = YES;
				CLANG_WARN_UNGUARDED_AVAILABILITY = YES_AGGRESSIVE;
				CLANG_WARN_UNREACHABLE_CODE = YES;
				CLANG_WARN__DUPLICATE_METHOD_MATCH = YES;
				COPY_PHASE_STRIP = NO;
				CURRENT_PROJECT_VERSION = 1;
				DEBUG_INFORMATION_FORMAT = dwarf;
				ENABLE_STRICT_OBJC_MSGSEND = YES;
				ENABLE_TESTABILITY = YES;
				GCC_C_LANGUAGE_STANDARD = gnu11;
				GCC_DYNAMIC_NO_PIC = NO;
				GCC_NO_COMMON_BLOCKS = YES;
				GCC_OPTIMIZATION_LEVEL = 0;
				GCC_PREPROCESSOR_DEFINITIONS = (
					"$(inherited)",
					"DEBUG=1",
				);
				GCC_WARN_64_TO_32_BIT_CONVERSION = YES;
				GCC_WARN_ABOUT_RETURN_TYPE = YES_ERROR;
				GCC_WARN_UNDECLARED_SELECTOR = YES;
				GCC_WARN_UNINITIALIZED_AUTOS = YES_AGGRESSIVE;
				GCC_WARN_UNUSED_FUNCTION = YES;
				GCC_WARN_UNUSED_VARIABLE = YES;
				IPHONEOS_DEPLOYMENT_TARGET = 16.1;
				MARKETING_VERSION = 1.0.0;
				MTL_ENABLE_DEBUG_INFO = INCLUDE_SOURCE;
				MTL_FAST_MATH = YES;
				ONLY_ACTIVE_ARCH = YES;
				PRODUCT_NAME = "$(TARGET_NAME)";
				SDKROOT = iphoneos;
				SWIFT_ACTIVE_COMPILATION_CONDITIONS = DEBUG;
				SWIFT_OPTIMIZATION_LEVEL = "-Onone";
				SWIFT_VERSION = 5.0;
			};
			name = Debug;
		};
		F48ADCF710A8BB41ACC97D5B /* Debug */ = {
			isa = XCBuildConfiguration;
			buildSettings = {
				ASSETCATALOG_COMPILER_APPICON_NAME = AppIcon;
				CODE_SIGN_IDENTITY = "iPhone Developer";
				CODE_SIGN_STYLE = Automatic;
				DEVELOPMENT_TEAM = "";
				ENABLE_PREVIEWS = YES;
				FRAMEWORK_SEARCH_PATHS = (
					"$(inherited)",
					"\".\"",
				);
				INFOPLIST_FILE = ExocortexTaskTracker/App/Info.plist;
				LD_RUNPATH_SEARCH_PATHS = (
					"$(inherited)",
					"@executable_path/Frameworks",
				);
				PRODUCT_BUNDLE_IDENTIFIER = com.exocortex.tasktracker;
				SDKROOT = iphoneos;
				SUPPORTS_MACCATALYST = NO;
				TARGETED_DEVICE_FAMILY = "1,2";
			};
			name = Debug;
		};
/* End XCBuildConfiguration section */

/* Begin XCConfigurationList section */
		78A21A3533EB45CC53D26F12 /* Build configuration list for PBXProject "ExocortexTaskTracker" */ = {
			isa = XCConfigurationList;
			buildConfigurations = (
				B65C31B4AE55C95D7E84983C /* Debug */,
				2440595BA73AA1BE40A65230 /* Release */,
			);
			defaultConfigurationIsVisible = 0;
			defaultConfigurationName = Debug;
		};
		A9B8CE09FD59D0A4E6C00CA8 /* Build configuration list for PBXNativeTarget "ExocortexTaskTrackerTests" */ = {
			isa = XCConfigurationList;
			buildConfigurations = (
				19EFD43C47DFDCA7ADDAB586 /* Debug */,
				7C5DC548D0A95319D7042DD7 /* Release */,
			);
			defaultConfigurationIsVisible = 0;
			defaultConfigurationName = Debug;
		};
		C497282ACB5F215A6F27D641 /* Build configuration list for PBXNativeTarget "ExocortexTaskTracker" */ = {
			isa = XCConfigurationList;
			buildConfigurations = (
				F48ADCF710A8BB41ACC97D5B /* Debug */,
				A02780568316F046FFC83457 /* Release */,
			);
			defaultConfigurationIsVisible = 0;
			defaultConfigurationName = Debug;
		};
/* End XCConfigurationList section */
	};
	rootObject = 36CF76BD3737D7DDD4323206 /* Project object */;
}
